
Microsoft Visual Studio Solution File, Format Version 12.00
# Visual Studio Version 17
VisualStudioVersion = 17.0.31903.59
MinimumVisualStudioVersion = 10.0.40219.1
Project("{9A19103F-16F7-4668-BE54-9A1E7A4F7556}") = "PETRGAPI.CORE", "PETRGAPI.CORE\PETRGAPI.CORE.csproj", "{CA75B63A-E4E7-4899-85A2-06B8144DE81D}"
EndProject
Project("{9A19103F-16F7-4668-BE54-9A1E7A4F7556}") = "PETRGAPI.TEST", "PETRGAPI.TEST\PETRGAPI.TEST.csproj", "{AFC0A6CF-A523-463F-B4DB-EEB9FE963393}"
EndProject
Project("{9A19103F-16F7-4668-BE54-9A1E7A4F7556}") = "PETRGAPI.USERS", "PETRGAPI.USERS\PETRGAPI.USERS.csproj", "{97D3F7C5-8F39-46C5-BC21-DC186EA5ABA5}"
EndProject
Global
	GlobalSection(SolutionConfigurationPlatforms) = preSolution
		Debug|Any CPU = Debug|Any CPU
		Release|Any CPU = Release|Any CPU
	EndGlobalSection
	GlobalSection(ProjectConfigurationPlatforms) = postSolution
		{CA75B63A-E4E7-4899-85A2-06B8144DE81D}.Debug|Any CPU.ActiveCfg = Debug|Any CPU
		{CA75B63A-E4E7-4899-85A2-06B8144DE81D}.Debug|Any CPU.Build.0 = Debug|Any CPU
		{CA75B63A-E4E7-4899-85A2-06B8144DE81D}.Release|Any CPU.ActiveCfg = Release|Any CPU
		{CA75B63A-E4E7-4899-85A2-06B8144DE81D}.Release|Any CPU.Build.0 = Release|Any CPU
		{AFC0A6CF-A523-463F-B4DB-EEB9FE963393}.Debug|Any CPU.ActiveCfg = Debug|Any CPU
		{AFC0A6CF-A523-463F-B4DB-EEB9FE963393}.Debug|Any CPU.Build.0 = Debug|Any CPU
		{AFC0A6CF-A523-463F-B4DB-EEB9FE963393}.Release|Any CPU.ActiveCfg = Release|Any CPU
		{AFC0A6CF-A523-463F-B4DB-EEB9FE963393}.Release|Any CPU.Build.0 = Release|Any CPU
		{97D3F7C5-8F39-46C5-BC21-DC186EA5ABA5}.Debug|Any CPU.ActiveCfg = Debug|Any CPU
		{97D3F7C5-8F39-46C5-BC21-DC186EA5ABA5}.Debug|Any CPU.Build.0 = Debug|Any CPU
		{97D3F7C5-8F39-46C5-BC21-DC186EA5ABA5}.Release|Any CPU.ActiveCfg = Release|Any CPU
		{97D3F7C5-8F39-46C5-BC21-DC186EA5ABA5}.Release|Any CPU.Build.0 = Release|Any CPU
	EndGlobalSection
	GlobalSection(SolutionProperties) = preSolution
		HideSolutionNode = FALSE
	EndGlobalSection
	GlobalSection(ExtensibilityGlobals) = postSolution
		SolutionGuid = {851CDDA8-947A-42E9-AD02-2AF439518899}
	EndGlobalSection
EndGlobal
